
Microsoft Visual Studio Solution File, Format Version 12.00
# Visual Studio Version 16
VisualStudioVersion = 16.0.30717.126
MinimumVisualStudioVersion = 10.0.40219.1
Project("{FAE04EC0-301F-11D3-BF4B-00C04F79EFBC}") = "Chat", "Chat.csproj", "{1F134B32-24E6-4EDB-B7FC-163E34366904}"
EndProject
Global
	GlobalSection(SolutionConfigurationPlatforms) = preSolution
		Debug|Any CPU = Debug|Any CPU
		Release|Any CPU = Release|Any CPU
	EndGlobalSection
	GlobalSection(ProjectConfigurationPlatforms) = postSolution
		{1F134B32-24E6-4EDB-B7FC-163E34366904}.Debug|Any CPU.ActiveCfg = Debug|Any CPU
		{1F134B32-24E6-4EDB-B7FC-163E34366904}.Debug|Any CPU.Build.0 = Debug|Any CPU
		{1F134B32-24E6-4EDB-B7FC-163E34366904}.Release|Any CPU.ActiveCfg = Release|Any CPU
		{1F134B32-24E6-4EDB-B7FC-163E34366904}.Release|Any CPU.Build.0 = Release|Any CPU
	EndGlobalSection
	GlobalSection(SolutionProperties) = preSolution
		HideSolutionNode = FALSE
	EndGlobalSection
	GlobalSection(ExtensibilityGlobals) = postSolution
		SolutionGuid = {3AAA434E-DF0D-47A1-9D7B-D329D9CFD670}
	EndGlobalSection
EndGlobal
